
Microsoft Visual Studio Solution File, Format Version 12.00
# Visual Studio Version 17
VisualStudioVersion = 17.3.32922.545
MinimumVisualStudioVersion = 10.0.40219.1
Project("{FAE04EC0-301F-11D3-BF4B-00C04F79EFBC}") = "PointKullanimi", "PointKullanimi\PointKullanimi.csproj", "{AA9C960C-F393-424F-BFB5-7B431744584F}"
EndProject
Global
	GlobalSection(SolutionConfigurationPlatforms) = preSolution
		Debug|Any CPU = Debug|Any CPU
		Release|Any CPU = Release|Any CPU
	EndGlobalSection
	GlobalSection(ProjectConfigurationPlatforms) = postSolution
		{AA9C960C-F393-424F-BFB5-7B431744584F}.Debug|Any CPU.ActiveCfg = Debug|Any CPU
		{AA9C960C-F393-424F-BFB5-7B431744584F}.Debug|Any CPU.Build.0 = Debug|Any CPU
		{AA9C960C-F393-424F-BFB5-7B431744584F}.Release|Any CPU.ActiveCfg = Release|Any CPU
		{AA9C960C-F393-424F-BFB5-7B431744584F}.Release|Any CPU.Build.0 = Release|Any CPU
	EndGlobalSection
	GlobalSection(SolutionProperties) = preSolution
		HideSolutionNode = FALSE
	EndGlobalSection
	GlobalSection(ExtensibilityGlobals) = postSolution
		SolutionGuid = {D050AA96-CA05-43D2-A180-AEA59924E0BD}
	EndGlobalSection
EndGlobal
