
Microsoft Visual Studio Solution File, Format Version 12.00
# Visual Studio Version 17
VisualStudioVersion = 17.3.32922.545
MinimumVisualStudioVersion = 10.0.40219.1
Project("{FAE04EC0-301F-11D3-BF4B-00C04F79EFBC}") = "BonusProje1", "BonusProje1\BonusProje1.csproj", "{9B4053AC-882C-4BC4-9349-05445522F1A5}"
EndProject
Global
	GlobalSection(SolutionConfigurationPlatforms) = preSolution
		Debug|Any CPU = Debug|Any CPU
		Release|Any CPU = Release|Any CPU
	EndGlobalSection
	GlobalSection(ProjectConfigurationPlatforms) = postSolution
		{9B4053AC-882C-4BC4-9349-05445522F1A5}.Debug|Any CPU.ActiveCfg = Debug|Any CPU
		{9B4053AC-882C-4BC4-9349-05445522F1A5}.Debug|Any CPU.Build.0 = Debug|Any CPU
		{9B4053AC-882C-4BC4-9349-05445522F1A5}.Release|Any CPU.ActiveCfg = Release|Any CPU
		{9B4053AC-882C-4BC4-9349-05445522F1A5}.Release|Any CPU.Build.0 = Release|Any CPU
	EndGlobalSection
	GlobalSection(SolutionProperties) = preSolution
		HideSolutionNode = FALSE
	EndGlobalSection
	GlobalSection(ExtensibilityGlobals) = postSolution
		SolutionGuid = {CB6E52B0-1A95-4F3E-B8D6-ADE27B148D44}
	EndGlobalSection
EndGlobal
