
Microsoft Visual Studio Solution File, Format Version 12.00
# Visual Studio Version 17
VisualStudioVersion = 17.3.32901.215
MinimumVisualStudioVersion = 10.0.40219.1
Project("{FAE04EC0-301F-11D3-BF4B-00C04F79EFBC}") = "Degiskenler_int", "Degiskenler_int\Degiskenler_int.csproj", "{C7B4CBC4-5943-4888-A3CC-B47806264604}"
EndProject
Global
	GlobalSection(SolutionConfigurationPlatforms) = preSolution
		Debug|Any CPU = Debug|Any CPU
		Release|Any CPU = Release|Any CPU
	EndGlobalSection
	GlobalSection(ProjectConfigurationPlatforms) = postSolution
		{C7B4CBC4-5943-4888-A3CC-B47806264604}.Debug|Any CPU.ActiveCfg = Debug|Any CPU
		{C7B4CBC4-5943-4888-A3CC-B47806264604}.Debug|Any CPU.Build.0 = Debug|Any CPU
		{C7B4CBC4-5943-4888-A3CC-B47806264604}.Release|Any CPU.ActiveCfg = Release|Any CPU
		{C7B4CBC4-5943-4888-A3CC-B47806264604}.Release|Any CPU.Build.0 = Release|Any CPU
	EndGlobalSection
	GlobalSection(SolutionProperties) = preSolution
		HideSolutionNode = FALSE
	EndGlobalSection
	GlobalSection(ExtensibilityGlobals) = postSolution
		SolutionGuid = {5DBAC5AE-AF02-490C-92A3-B71E6AFAF659}
	EndGlobalSection
EndGlobal
