
Microsoft Visual Studio Solution File, Format Version 12.00
# Visual Studio Version 17
VisualStudioVersion = 17.3.32901.215
MinimumVisualStudioVersion = 10.0.40219.1
Project("{FAE04EC0-301F-11D3-BF4B-00C04F79EFBC}") = "Sinif_Ornek", "Sinif_Ornek\Sinif_Ornek.csproj", "{6ACA65BD-1424-4F62-B361-6072E7E92435}"
EndProject
Global
	GlobalSection(SolutionConfigurationPlatforms) = preSolution
		Debug|Any CPU = Debug|Any CPU
		Release|Any CPU = Release|Any CPU
	EndGlobalSection
	GlobalSection(ProjectConfigurationPlatforms) = postSolution
		{6ACA65BD-1424-4F62-B361-6072E7E92435}.Debug|Any CPU.ActiveCfg = Debug|Any CPU
		{6ACA65BD-1424-4F62-B361-6072E7E92435}.Debug|Any CPU.Build.0 = Debug|Any CPU
		{6ACA65BD-1424-4F62-B361-6072E7E92435}.Release|Any CPU.ActiveCfg = Release|Any CPU
		{6ACA65BD-1424-4F62-B361-6072E7E92435}.Release|Any CPU.Build.0 = Release|Any CPU
	EndGlobalSection
	GlobalSection(SolutionProperties) = preSolution
		HideSolutionNode = FALSE
	EndGlobalSection
	GlobalSection(ExtensibilityGlobals) = postSolution
		SolutionGuid = {2586F613-4965-46CB-95FD-5BBD3F06BD45}
	EndGlobalSection
EndGlobal
