
Microsoft Visual Studio Solution File, Format Version 12.00
# Visual Studio Version 17
VisualStudioVersion = 17.3.32901.215
MinimumVisualStudioVersion = 10.0.40219.1
Project("{FAE04EC0-301F-11D3-BF4B-00C04F79EFBC}") = "Donguler", "Donguler\Donguler.csproj", "{A4B38202-C307-4EA8-95E2-A3214A72CB78}"
EndProject
Global
	GlobalSection(SolutionConfigurationPlatforms) = preSolution
		Debug|Any CPU = Debug|Any CPU
		Release|Any CPU = Release|Any CPU
	EndGlobalSection
	GlobalSection(ProjectConfigurationPlatforms) = postSolution
		{A4B38202-C307-4EA8-95E2-A3214A72CB78}.Debug|Any CPU.ActiveCfg = Debug|Any CPU
		{A4B38202-C307-4EA8-95E2-A3214A72CB78}.Debug|Any CPU.Build.0 = Debug|Any CPU
		{A4B38202-C307-4EA8-95E2-A3214A72CB78}.Release|Any CPU.ActiveCfg = Release|Any CPU
		{A4B38202-C307-4EA8-95E2-A3214A72CB78}.Release|Any CPU.Build.0 = Release|Any CPU
	EndGlobalSection
	GlobalSection(SolutionProperties) = preSolution
		HideSolutionNode = FALSE
	EndGlobalSection
	GlobalSection(ExtensibilityGlobals) = postSolution
		SolutionGuid = {011B3C39-C0E8-48E4-B0C2-5BB32A8B0CF8}
	EndGlobalSection
EndGlobal
