
Microsoft Visual Studio Solution File, Format Version 12.00
# Visual Studio Version 17
VisualStudioVersion = 17.3.32901.215
MinimumVisualStudioVersion = 10.0.40219.1
Project("{FAE04EC0-301F-11D3-BF4B-00C04F79EFBC}") = "Bilgi_Yarismasi", "Bilgi_Yarismasi\Bilgi_Yarismasi.csproj", "{2C60A4B2-A32F-49B5-8D73-67BB7397B0D3}"
EndProject
Global
	GlobalSection(SolutionConfigurationPlatforms) = preSolution
		Debug|Any CPU = Debug|Any CPU
		Release|Any CPU = Release|Any CPU
	EndGlobalSection
	GlobalSection(ProjectConfigurationPlatforms) = postSolution
		{2C60A4B2-A32F-49B5-8D73-67BB7397B0D3}.Debug|Any CPU.ActiveCfg = Debug|Any CPU
		{2C60A4B2-A32F-49B5-8D73-67BB7397B0D3}.Debug|Any CPU.Build.0 = Debug|Any CPU
		{2C60A4B2-A32F-49B5-8D73-67BB7397B0D3}.Release|Any CPU.ActiveCfg = Release|Any CPU
		{2C60A4B2-A32F-49B5-8D73-67BB7397B0D3}.Release|Any CPU.Build.0 = Release|Any CPU
	EndGlobalSection
	GlobalSection(SolutionProperties) = preSolution
		HideSolutionNode = FALSE
	EndGlobalSection
	GlobalSection(ExtensibilityGlobals) = postSolution
		SolutionGuid = {14BD0981-EB53-4FBC-A614-7BEE7368AED4}
	EndGlobalSection
EndGlobal
