
Microsoft Visual Studio Solution File, Format Version 12.00
# Visual Studio Version 17
VisualStudioVersion = 17.3.32901.215
MinimumVisualStudioVersion = 10.0.40219.1
Project("{FAE04EC0-301F-11D3-BF4B-00C04F79EFBC}") = "Do_While", "Do_While\Do_While.csproj", "{1D51E200-1C82-40A8-9F69-472F13ACEA13}"
EndProject
Global
	GlobalSection(SolutionConfigurationPlatforms) = preSolution
		Debug|Any CPU = Debug|Any CPU
		Release|Any CPU = Release|Any CPU
	EndGlobalSection
	GlobalSection(ProjectConfigurationPlatforms) = postSolution
		{1D51E200-1C82-40A8-9F69-472F13ACEA13}.Debug|Any CPU.ActiveCfg = Debug|Any CPU
		{1D51E200-1C82-40A8-9F69-472F13ACEA13}.Debug|Any CPU.Build.0 = Debug|Any CPU
		{1D51E200-1C82-40A8-9F69-472F13ACEA13}.Release|Any CPU.ActiveCfg = Release|Any CPU
		{1D51E200-1C82-40A8-9F69-472F13ACEA13}.Release|Any CPU.Build.0 = Release|Any CPU
	EndGlobalSection
	GlobalSection(SolutionProperties) = preSolution
		HideSolutionNode = FALSE
	EndGlobalSection
	GlobalSection(ExtensibilityGlobals) = postSolution
		SolutionGuid = {0D713A8E-0C6C-424E-A384-456ACCA96A0E}
	EndGlobalSection
EndGlobal
